
Microsoft Visual Studio Solution File, Format Version 12.00
# Visual Studio Version 16
VisualStudioVersion = 16.0.32510.428
MinimumVisualStudioVersion = 10.0.40219.1
Project("{FAE04EC0-301F-11D3-BF4B-00C04F79EFBC}") = "DhakaBloodBank", "DhakaBloodBank.csproj", "{9EF49A4E-9553-46DC-A265-935E99CD91F1}"
EndProject
Global
	GlobalSection(SolutionConfigurationPlatforms) = preSolution
		Debug|Any CPU = Debug|Any CPU
		Release|Any CPU = Release|Any CPU
	EndGlobalSection
	GlobalSection(ProjectConfigurationPlatforms) = postSolution
		{9EF49A4E-9553-46DC-A265-935E99CD91F1}.Debug|Any CPU.ActiveCfg = Debug|Any CPU
		{9EF49A4E-9553-46DC-A265-935E99CD91F1}.Debug|Any CPU.Build.0 = Debug|Any CPU
		{9EF49A4E-9553-46DC-A265-935E99CD91F1}.Release|Any CPU.ActiveCfg = Release|Any CPU
		{9EF49A4E-9553-46DC-A265-935E99CD91F1}.Release|Any CPU.Build.0 = Release|Any CPU
	EndGlobalSection
	GlobalSection(SolutionProperties) = preSolution
		HideSolutionNode = FALSE
	EndGlobalSection
	GlobalSection(ExtensibilityGlobals) = postSolution
		SolutionGuid = {255A851F-88A9-4DCB-8B01-5D2BFC31D1C9}
	EndGlobalSection
EndGlobal
